
Microsoft Visual Studio Solution File, Format Version 12.00
# Visual Studio Version 16
VisualStudioVersion = 16.0.29123.88
MinimumVisualStudioVersion = 10.0.40219.1
Project("{FAE04EC0-301F-11D3-BF4B-00C04F79EFBC}") = "VolontApp.API", "VolontApp.API\VolontApp.API.csproj", "{13DB758F-8CF9-4654-9727-54CA1CB2936D}"
EndProject
Project("{FAE04EC0-301F-11D3-BF4B-00C04F79EFBC}") = "VolontApp.Models", "VolontApp.Models\VolontApp.Models.csproj", "{ACDD5D81-42CC-4208-976C-B6EAB03A0EE4}"
EndProject
Project("{FAE04EC0-301F-11D3-BF4B-00C04F79EFBC}") = "VolontApp.DAL", "VolontApp.DAL\VolontApp.DAL.csproj", "{3531878B-51D9-4CFA-A01D-A687690D7E0A}"
EndProject
Global
	GlobalSection(SolutionConfigurationPlatforms) = preSolution
		Debug|Any CPU = Debug|Any CPU
		Release|Any CPU = Release|Any CPU
	EndGlobalSection
	GlobalSection(ProjectConfigurationPlatforms) = postSolution
		{13DB758F-8CF9-4654-9727-54CA1CB2936D}.Debug|Any CPU.ActiveCfg = Debug|Any CPU
		{13DB758F-8CF9-4654-9727-54CA1CB2936D}.Debug|Any CPU.Build.0 = Debug|Any CPU
		{13DB758F-8CF9-4654-9727-54CA1CB2936D}.Release|Any CPU.ActiveCfg = Release|Any CPU
		{13DB758F-8CF9-4654-9727-54CA1CB2936D}.Release|Any CPU.Build.0 = Release|Any CPU
		{ACDD5D81-42CC-4208-976C-B6EAB03A0EE4}.Debug|Any CPU.ActiveCfg = Debug|Any CPU
		{ACDD5D81-42CC-4208-976C-B6EAB03A0EE4}.Debug|Any CPU.Build.0 = Debug|Any CPU
		{ACDD5D81-42CC-4208-976C-B6EAB03A0EE4}.Release|Any CPU.ActiveCfg = Release|Any CPU
		{ACDD5D81-42CC-4208-976C-B6EAB03A0EE4}.Release|Any CPU.Build.0 = Release|Any CPU
		{3531878B-51D9-4CFA-A01D-A687690D7E0A}.Debug|Any CPU.ActiveCfg = Debug|Any CPU
		{3531878B-51D9-4CFA-A01D-A687690D7E0A}.Debug|Any CPU.Build.0 = Debug|Any CPU
		{3531878B-51D9-4CFA-A01D-A687690D7E0A}.Release|Any CPU.ActiveCfg = Release|Any CPU
		{3531878B-51D9-4CFA-A01D-A687690D7E0A}.Release|Any CPU.Build.0 = Release|Any CPU
	EndGlobalSection
	GlobalSection(SolutionProperties) = preSolution
		HideSolutionNode = FALSE
	EndGlobalSection
	GlobalSection(ExtensibilityGlobals) = postSolution
		SolutionGuid = {6CDA71F1-0ABA-49C7-B931-93800A136492}
	EndGlobalSection
EndGlobal
